
Microsoft Visual Studio Solution File, Format Version 12.00
# Visual Studio 15
VisualStudioVersion = 15.0.27428.2015
MinimumVisualStudioVersion = 10.0.40219.1
Project("{FAE04EC0-301F-11D3-BF4B-00C04F79EFBC}") = "email-api-test", "email-api-test\email-api-test.csproj", "{39BF1DFC-9D16-4362-8568-03DCE140760B}"
EndProject
Global
	GlobalSection(SolutionConfigurationPlatforms) = preSolution
		Debug|Any CPU = Debug|Any CPU
		Release|Any CPU = Release|Any CPU
	EndGlobalSection
	GlobalSection(ProjectConfigurationPlatforms) = postSolution
		{39BF1DFC-9D16-4362-8568-03DCE140760B}.Debug|Any CPU.ActiveCfg = Debug|Any CPU
		{39BF1DFC-9D16-4362-8568-03DCE140760B}.Debug|Any CPU.Build.0 = Debug|Any CPU
		{39BF1DFC-9D16-4362-8568-03DCE140760B}.Release|Any CPU.ActiveCfg = Release|Any CPU
		{39BF1DFC-9D16-4362-8568-03DCE140760B}.Release|Any CPU.Build.0 = Release|Any CPU
	EndGlobalSection
	GlobalSection(SolutionProperties) = preSolution
		HideSolutionNode = FALSE
	EndGlobalSection
	GlobalSection(ExtensibilityGlobals) = postSolution
		SolutionGuid = {3DCD9670-7FCE-4F5F-8717-7EB91065C68A}
	EndGlobalSection
EndGlobal
